
Microsoft Visual Studio Solution File, Format Version 12.00
# Visual Studio Version 17
VisualStudioVersion = 17.6.33829.357
MinimumVisualStudioVersion = 10.0.40219.1
Project("{FAE04EC0-301F-11D3-BF4B-00C04F79EFBC}") = "Wayback_Scraper", "Wayback_Scraper\Wayback_Scraper.csproj", "{EDD41DFA-073A-4EF2-9060-0688948133E1}"
EndProject
Global
	GlobalSection(SolutionConfigurationPlatforms) = preSolution
		Debug|Any CPU = Debug|Any CPU
		Release|Any CPU = Release|Any CPU
	EndGlobalSection
	GlobalSection(ProjectConfigurationPlatforms) = postSolution
		{EDD41DFA-073A-4EF2-9060-0688948133E1}.Debug|Any CPU.ActiveCfg = Debug|Any CPU
		{EDD41DFA-073A-4EF2-9060-0688948133E1}.Debug|Any CPU.Build.0 = Debug|Any CPU
		{EDD41DFA-073A-4EF2-9060-0688948133E1}.Release|Any CPU.ActiveCfg = Release|Any CPU
		{EDD41DFA-073A-4EF2-9060-0688948133E1}.Release|Any CPU.Build.0 = Release|Any CPU
	EndGlobalSection
	GlobalSection(SolutionProperties) = preSolution
		HideSolutionNode = FALSE
	EndGlobalSection
	GlobalSection(ExtensibilityGlobals) = postSolution
		SolutionGuid = {8C11C305-CF36-4B58-80AA-0946C845D89E}
	EndGlobalSection
EndGlobal
